{
  "name": "audio-video",
  "version": "0.1.0",
  "lockfileVersion": 3,
  "requires": true,
  "packages": {
    "": {
      "name": "audio-video"
    },
    "client": {
      "name": "webrtc-conference-client",
      "version": "0.1.0",
      "extraneous": true,
      "dependencies": {
        "bin-packing-brilliance": "file:..",
        "dayjs": "^1.11.13",
        "framer-motion": "^11.3.31",
        "jwt-decode": "^4.0.0",
        "lucide-react": "^0.460.0",
        "react": "^18.3.1",
        "react-dom": "^18.3.1",
        "react-router-dom": "^6.26.2",
        "zustand": "^4.5.2"
      },
      "devDependencies": {
        "@types/react": "^18.2.66",
        "@types/react-dom": "^18.2.22",
        "@vitejs/plugin-react": "^4.3.1",
        "autoprefixer": "^10.4.20",
        "postcss": "^8.4.47",
        "tailwindcss": "^3.4.13",
        "typescript": "^5.9.3",
        "vite": "^5.4.21"
      }
    },
    "server": {
      "name": "webrtc-signaling-server",
      "version": "0.1.0",
      "extraneous": true,
      "dependencies": {
        "bin-packing-brilliance": "file:..",
        "cors": "^2.8.5",
        "dayjs": "^1.11.13",
        "dotenv": "^16.4.5",
        "express": "^4.19.2",
        "jsonwebtoken": "^9.0.2",
        "mongodb": "^6.9.0",
        "pino": "^9.4.0",
        "uuid": "^10.0.0",
        "ws": "^8.18.0"
      },
      "devDependencies": {
        "nodemon": "^3.1.7"
      }
    }
  }
}
